
Microsoft Visual Studio Solution File, Format Version 12.00
# Visual Studio Version 16
VisualStudioVersion = 16.0.29009.5
MinimumVisualStudioVersion = 10.0.40219.1
Project("{2150E333-8FDC-42A3-9474-1A3956D46DE8}") = "src", "src", "{53708FD5-C174-420D-AFDC-601849002998}"
EndProject
Project("{9A19103F-16F7-4668-BE54-9A1E7A4F7556}") = "Glader.ASP.RPGCharacter.Application", "src\Glader.ASP.RPGCharacter.Application\Glader.ASP.RPGCharacter.Application.csproj", "{35015033-8527-46A4-ABDA-7121F3F581A8}"
EndProject
Project("{2150E333-8FDC-42A3-9474-1A3956D46DE8}") = "Character", "Character", "{D167D229-C5EA-4BCF-AAA1-C92325AB53E3}"
EndProject
Project("{9A19103F-16F7-4668-BE54-9A1E7A4F7556}") = "Glader.ASP.RPG.Character.Client", "src\Character\Glader.ASP.RPG.Character.Client\Glader.ASP.RPG.Character.Client.csproj", "{D5EA7BA2-1050-40BC-8FE6-4A07516A04B9}"
EndProject
Project("{9A19103F-16F7-4668-BE54-9A1E7A4F7556}") = "Glader.ASP.RPG.Character.Models", "src\Character\Glader.ASP.RPG.Character.Models\Glader.ASP.RPG.Character.Models.csproj", "{EA49C3FE-BAA8-46CA-923C-D9E49D543E00}"
EndProject
Project("{9A19103F-16F7-4668-BE54-9A1E7A4F7556}") = "Glader.ASP.RPG.Common", "src\Glader.ASP.RPG.Common\Glader.ASP.RPG.Common.csproj", "{598560F4-5AC7-47B1-868B-6097523E6619}"
EndProject
Project("{9A19103F-16F7-4668-BE54-9A1E7A4F7556}") = "Glader.ASP.RPG.Server", "src\Glader.ASP.RPG.Server\Glader.ASP.RPG.Server.csproj", "{CBDDB296-4925-4965-9057-25773B2A6B63}"
EndProject
Global
	GlobalSection(SolutionConfigurationPlatforms) = preSolution
		Debug|Any CPU = Debug|Any CPU
		Release|Any CPU = Release|Any CPU
	EndGlobalSection
	GlobalSection(ProjectConfigurationPlatforms) = postSolution
		{35015033-8527-46A4-ABDA-7121F3F581A8}.Debug|Any CPU.ActiveCfg = Debug|Any CPU
		{35015033-8527-46A4-ABDA-7121F3F581A8}.Debug|Any CPU.Build.0 = Debug|Any CPU
		{35015033-8527-46A4-ABDA-7121F3F581A8}.Release|Any CPU.ActiveCfg = Release|Any CPU
		{35015033-8527-46A4-ABDA-7121F3F581A8}.Release|Any CPU.Build.0 = Release|Any CPU
		{D5EA7BA2-1050-40BC-8FE6-4A07516A04B9}.Debug|Any CPU.ActiveCfg = Debug|Any CPU
		{D5EA7BA2-1050-40BC-8FE6-4A07516A04B9}.Debug|Any CPU.Build.0 = Debug|Any CPU
		{D5EA7BA2-1050-40BC-8FE6-4A07516A04B9}.Release|Any CPU.ActiveCfg = Release|Any CPU
		{D5EA7BA2-1050-40BC-8FE6-4A07516A04B9}.Release|Any CPU.Build.0 = Release|Any CPU
		{EA49C3FE-BAA8-46CA-923C-D9E49D543E00}.Debug|Any CPU.ActiveCfg = Debug|Any CPU
		{EA49C3FE-BAA8-46CA-923C-D9E49D543E00}.Debug|Any CPU.Build.0 = Debug|Any CPU
		{EA49C3FE-BAA8-46CA-923C-D9E49D543E00}.Release|Any CPU.ActiveCfg = Release|Any CPU
		{EA49C3FE-BAA8-46CA-923C-D9E49D543E00}.Release|Any CPU.Build.0 = Release|Any CPU
		{598560F4-5AC7-47B1-868B-6097523E6619}.Debug|Any CPU.ActiveCfg = Debug|Any CPU
		{598560F4-5AC7-47B1-868B-6097523E6619}.Debug|Any CPU.Build.0 = Debug|Any CPU
		{598560F4-5AC7-47B1-868B-6097523E6619}.Release|Any CPU.ActiveCfg = Release|Any CPU
		{598560F4-5AC7-47B1-868B-6097523E6619}.Release|Any CPU.Build.0 = Release|Any CPU
		{CBDDB296-4925-4965-9057-25773B2A6B63}.Debug|Any CPU.ActiveCfg = Debug|Any CPU
		{CBDDB296-4925-4965-9057-25773B2A6B63}.Debug|Any CPU.Build.0 = Debug|Any CPU
		{CBDDB296-4925-4965-9057-25773B2A6B63}.Release|Any CPU.ActiveCfg = Release|Any CPU
		{CBDDB296-4925-4965-9057-25773B2A6B63}.Release|Any CPU.Build.0 = Release|Any CPU
	EndGlobalSection
	GlobalSection(SolutionProperties) = preSolution
		HideSolutionNode = FALSE
	EndGlobalSection
	GlobalSection(NestedProjects) = preSolution
		{35015033-8527-46A4-ABDA-7121F3F581A8} = {53708FD5-C174-420D-AFDC-601849002998}
		{D167D229-C5EA-4BCF-AAA1-C92325AB53E3} = {53708FD5-C174-420D-AFDC-601849002998}
		{D5EA7BA2-1050-40BC-8FE6-4A07516A04B9} = {D167D229-C5EA-4BCF-AAA1-C92325AB53E3}
		{EA49C3FE-BAA8-46CA-923C-D9E49D543E00} = {D167D229-C5EA-4BCF-AAA1-C92325AB53E3}
		{598560F4-5AC7-47B1-868B-6097523E6619} = {53708FD5-C174-420D-AFDC-601849002998}
		{CBDDB296-4925-4965-9057-25773B2A6B63} = {53708FD5-C174-420D-AFDC-601849002998}
	EndGlobalSection
	GlobalSection(ExtensibilityGlobals) = postSolution
		SolutionGuid = {6BCB4DCA-13A6-4667-80F4-8F4BCE6EAA5A}
	EndGlobalSection
EndGlobal
