
Microsoft Visual Studio Solution File, Format Version 12.00
# Visual Studio Version 16
VisualStudioVersion = 16.0.29009.5
MinimumVisualStudioVersion = 10.0.40219.1
Project("{2150E333-8FDC-42A3-9474-1A3956D46DE8}") = "src", "src", "{53708FD5-C174-420D-AFDC-601849002998}"
EndProject
Project("{9A19103F-16F7-4668-BE54-9A1E7A4F7556}") = "Glader.ASP.RPGCharacter.Models", "src\Glader.ASP.RPGCharacter.Models\Glader.ASP.RPGCharacter.Models\Glader.ASP.RPGCharacter.Models.csproj", "{22D009DC-84BA-40CD-A3C4-EA8F0F50FCC9}"
EndProject
Global
	GlobalSection(SolutionConfigurationPlatforms) = preSolution
		Debug|Any CPU = Debug|Any CPU
		Release|Any CPU = Release|Any CPU
	EndGlobalSection
	GlobalSection(ProjectConfigurationPlatforms) = postSolution
		{22D009DC-84BA-40CD-A3C4-EA8F0F50FCC9}.Debug|Any CPU.ActiveCfg = Debug|Any CPU
		{22D009DC-84BA-40CD-A3C4-EA8F0F50FCC9}.Debug|Any CPU.Build.0 = Debug|Any CPU
		{22D009DC-84BA-40CD-A3C4-EA8F0F50FCC9}.Release|Any CPU.ActiveCfg = Release|Any CPU
		{22D009DC-84BA-40CD-A3C4-EA8F0F50FCC9}.Release|Any CPU.Build.0 = Release|Any CPU
	EndGlobalSection
	GlobalSection(SolutionProperties) = preSolution
		HideSolutionNode = FALSE
	EndGlobalSection
	GlobalSection(NestedProjects) = preSolution
		{22D009DC-84BA-40CD-A3C4-EA8F0F50FCC9} = {53708FD5-C174-420D-AFDC-601849002998}
	EndGlobalSection
	GlobalSection(ExtensibilityGlobals) = postSolution
		SolutionGuid = {6BCB4DCA-13A6-4667-80F4-8F4BCE6EAA5A}
	EndGlobalSection
EndGlobal
